
Microsoft Visual Studio Solution File, Format Version 12.00
# Visual Studio 15
VisualStudioVersion = 15.0.28010.2003
MinimumVisualStudioVersion = 10.0.40219.1
Project("{9A19103F-16F7-4668-BE54-9A1E7A4F7556}") = "Festispec.Api", "Festispec.Api\Festispec.Api.csproj", "{FF1B14E8-8DCE-449D-8B55-61B260972E01}"
EndProject
Project("{9A19103F-16F7-4668-BE54-9A1E7A4F7556}") = "Festispec.Database", "Festispec.Database\Festispec.Database\Festispec.Database.csproj", "{43951246-5908-467D-9F42-AFFD28BE6D1C}"
EndProject
Project("{9A19103F-16F7-4668-BE54-9A1E7A4F7556}") = "Festispec.Domain", "Festispec.Domain\Festispec.Domain.csproj", "{DE009CE8-8357-42A6-9D16-5729FCBCE2E4}"
EndProject
Global
	GlobalSection(SolutionConfigurationPlatforms) = preSolution
		Debug|Any CPU = Debug|Any CPU
		Release|Any CPU = Release|Any CPU
	EndGlobalSection
	GlobalSection(ProjectConfigurationPlatforms) = postSolution
		{FF1B14E8-8DCE-449D-8B55-61B260972E01}.Debug|Any CPU.ActiveCfg = Debug|Any CPU
		{FF1B14E8-8DCE-449D-8B55-61B260972E01}.Debug|Any CPU.Build.0 = Debug|Any CPU
		{FF1B14E8-8DCE-449D-8B55-61B260972E01}.Release|Any CPU.ActiveCfg = Release|Any CPU
		{FF1B14E8-8DCE-449D-8B55-61B260972E01}.Release|Any CPU.Build.0 = Release|Any CPU
		{43951246-5908-467D-9F42-AFFD28BE6D1C}.Debug|Any CPU.ActiveCfg = Debug|Any CPU
		{43951246-5908-467D-9F42-AFFD28BE6D1C}.Debug|Any CPU.Build.0 = Debug|Any CPU
		{43951246-5908-467D-9F42-AFFD28BE6D1C}.Release|Any CPU.ActiveCfg = Release|Any CPU
		{43951246-5908-467D-9F42-AFFD28BE6D1C}.Release|Any CPU.Build.0 = Release|Any CPU
		{DE009CE8-8357-42A6-9D16-5729FCBCE2E4}.Debug|Any CPU.ActiveCfg = Debug|Any CPU
		{DE009CE8-8357-42A6-9D16-5729FCBCE2E4}.Debug|Any CPU.Build.0 = Debug|Any CPU
		{DE009CE8-8357-42A6-9D16-5729FCBCE2E4}.Release|Any CPU.ActiveCfg = Release|Any CPU
		{DE009CE8-8357-42A6-9D16-5729FCBCE2E4}.Release|Any CPU.Build.0 = Release|Any CPU
	EndGlobalSection
	GlobalSection(SolutionProperties) = preSolution
		HideSolutionNode = FALSE
	EndGlobalSection
	GlobalSection(ExtensibilityGlobals) = postSolution
		SolutionGuid = {6877385A-B8B9-4AEE-B0AD-D09E4CC97E15}
	EndGlobalSection
EndGlobal
